
Microsoft Visual Studio Solution File, Format Version 12.00
# Visual Studio Version 16
VisualStudioVersion = 16.0.29728.190
MinimumVisualStudioVersion = 10.0.40219.1
Project("{FAE04EC0-301F-11D3-BF4B-00C04F79EFBC}") = "VB.WebStarter", "WebStarter\VB.WebStarter.csproj", "{59D1D73D-A1E8-4489-A64D-6711F47704AD}"
EndProject
Project("{2150E333-8FDC-42A3-9474-1A3956D46DE8}") = "tests", "tests", "{15148D9E-42FD-4F36-994C-B37AAA2C3B80}"
EndProject
Project("{FAE04EC0-301F-11D3-BF4B-00C04F79EFBC}") = "VB.WebStarter.Tests", "tests\VB.WebStarter.Tests\VB.WebStarter.Tests.csproj", "{6744199A-DACC-4D8E-B92B-E689FF9A943D}"
EndProject
Global
	GlobalSection(SolutionConfigurationPlatforms) = preSolution
		Debug|Any CPU = Debug|Any CPU
		Release|Any CPU = Release|Any CPU
	EndGlobalSection
	GlobalSection(ProjectConfigurationPlatforms) = postSolution
		{59D1D73D-A1E8-4489-A64D-6711F47704AD}.Debug|Any CPU.ActiveCfg = Debug|Any CPU
		{59D1D73D-A1E8-4489-A64D-6711F47704AD}.Debug|Any CPU.Build.0 = Debug|Any CPU
		{59D1D73D-A1E8-4489-A64D-6711F47704AD}.Release|Any CPU.ActiveCfg = Release|Any CPU
		{59D1D73D-A1E8-4489-A64D-6711F47704AD}.Release|Any CPU.Build.0 = Release|Any CPU
		{6744199A-DACC-4D8E-B92B-E689FF9A943D}.Debug|Any CPU.ActiveCfg = Debug|Any CPU
		{6744199A-DACC-4D8E-B92B-E689FF9A943D}.Debug|Any CPU.Build.0 = Debug|Any CPU
		{6744199A-DACC-4D8E-B92B-E689FF9A943D}.Release|Any CPU.ActiveCfg = Release|Any CPU
		{6744199A-DACC-4D8E-B92B-E689FF9A943D}.Release|Any CPU.Build.0 = Release|Any CPU
	EndGlobalSection
	GlobalSection(SolutionProperties) = preSolution
		HideSolutionNode = FALSE
	EndGlobalSection
	GlobalSection(NestedProjects) = preSolution
		{6744199A-DACC-4D8E-B92B-E689FF9A943D} = {15148D9E-42FD-4F36-994C-B37AAA2C3B80}
	EndGlobalSection
	GlobalSection(ExtensibilityGlobals) = postSolution
		SolutionGuid = {28E82F55-6840-4855-AF24-AA64819A1874}
	EndGlobalSection
EndGlobal
